
Microsoft Visual Studio Solution File, Format Version 12.00
# Visual Studio Version 16
VisualStudioVersion = 16.0.30128.74
MinimumVisualStudioVersion = 10.0.40219.1
Project("{9A19103F-16F7-4668-BE54-9A1E7A4F7556}") = "BlazorDeportes", "BlazorDeportes\BlazorDeportes.csproj", "{21782817-1E2C-4DA4-9EEB-880D438B0B18}"
EndProject
Project("{9A19103F-16F7-4668-BE54-9A1E7A4F7556}") = "BlazorDeportes.Model", "BlazorDeporte.Model\BlazorDeportes.Model.csproj", "{21D13480-1173-4688-9E2A-E04F154F0AC7}"
EndProject
Project("{9A19103F-16F7-4668-BE54-9A1E7A4F7556}") = "BlazorDeportes.Data.Dapper", "BlazorDeportes.Data.Dapper\BlazorDeportes.Data.Dapper.csproj", "{9BDCB9D5-8B46-4CF9-A75C-8AFBB3671891}"
EndProject
Global
	GlobalSection(SolutionConfigurationPlatforms) = preSolution
		Debug|Any CPU = Debug|Any CPU
		Release|Any CPU = Release|Any CPU
	EndGlobalSection
	GlobalSection(ProjectConfigurationPlatforms) = postSolution
		{21782817-1E2C-4DA4-9EEB-880D438B0B18}.Debug|Any CPU.ActiveCfg = Debug|Any CPU
		{21782817-1E2C-4DA4-9EEB-880D438B0B18}.Debug|Any CPU.Build.0 = Debug|Any CPU
		{21782817-1E2C-4DA4-9EEB-880D438B0B18}.Release|Any CPU.ActiveCfg = Release|Any CPU
		{21782817-1E2C-4DA4-9EEB-880D438B0B18}.Release|Any CPU.Build.0 = Release|Any CPU
		{21D13480-1173-4688-9E2A-E04F154F0AC7}.Debug|Any CPU.ActiveCfg = Debug|Any CPU
		{21D13480-1173-4688-9E2A-E04F154F0AC7}.Debug|Any CPU.Build.0 = Debug|Any CPU
		{21D13480-1173-4688-9E2A-E04F154F0AC7}.Release|Any CPU.ActiveCfg = Release|Any CPU
		{21D13480-1173-4688-9E2A-E04F154F0AC7}.Release|Any CPU.Build.0 = Release|Any CPU
		{9BDCB9D5-8B46-4CF9-A75C-8AFBB3671891}.Debug|Any CPU.ActiveCfg = Debug|Any CPU
		{9BDCB9D5-8B46-4CF9-A75C-8AFBB3671891}.Debug|Any CPU.Build.0 = Debug|Any CPU
		{9BDCB9D5-8B46-4CF9-A75C-8AFBB3671891}.Release|Any CPU.ActiveCfg = Release|Any CPU
		{9BDCB9D5-8B46-4CF9-A75C-8AFBB3671891}.Release|Any CPU.Build.0 = Release|Any CPU
	EndGlobalSection
	GlobalSection(SolutionProperties) = preSolution
		HideSolutionNode = FALSE
	EndGlobalSection
	GlobalSection(ExtensibilityGlobals) = postSolution
		SolutionGuid = {D7E45356-C3F9-46EA-B0C8-C4CF02D623D8}
	EndGlobalSection
EndGlobal
